
Microsoft Visual Studio Solution File, Format Version 12.00
# Visual Studio Version 16
VisualStudioVersion = 16.0.31019.35
MinimumVisualStudioVersion = 10.0.40219.1
Project("{FAE04EC0-301F-11D3-BF4B-00C04F79EFBC}") = "MyComputerApi", "MyComputerApi\MyComputerApi.csproj", "{8B5F83B0-1D6F-4EE8-A821-E4FF68F00456}"
EndProject
Project("{FAE04EC0-301F-11D3-BF4B-00C04F79EFBC}") = "DataAccess", "DataAccess\DataAccess.csproj", "{ED435835-2465-4C0C-9A52-8AB68203713B}"
EndProject
Project("{FAE04EC0-301F-11D3-BF4B-00C04F79EFBC}") = "Domain", "Domain\Domain.csproj", "{E2F0CB31-5A6F-4A20-9818-FFF9C4AA525A}"
EndProject
Project("{FAE04EC0-301F-11D3-BF4B-00C04F79EFBC}") = "Business", "Business\Business.csproj", "{40A1152D-9A48-4D99-906C-5A59968B2FB9}"
EndProject
Global
	GlobalSection(SolutionConfigurationPlatforms) = preSolution
		Debug|Any CPU = Debug|Any CPU
		Release|Any CPU = Release|Any CPU
	EndGlobalSection
	GlobalSection(ProjectConfigurationPlatforms) = postSolution
		{8B5F83B0-1D6F-4EE8-A821-E4FF68F00456}.Debug|Any CPU.ActiveCfg = Debug|Any CPU
		{8B5F83B0-1D6F-4EE8-A821-E4FF68F00456}.Debug|Any CPU.Build.0 = Debug|Any CPU
		{8B5F83B0-1D6F-4EE8-A821-E4FF68F00456}.Release|Any CPU.ActiveCfg = Release|Any CPU
		{8B5F83B0-1D6F-4EE8-A821-E4FF68F00456}.Release|Any CPU.Build.0 = Release|Any CPU
		{ED435835-2465-4C0C-9A52-8AB68203713B}.Debug|Any CPU.ActiveCfg = Debug|Any CPU
		{ED435835-2465-4C0C-9A52-8AB68203713B}.Debug|Any CPU.Build.0 = Debug|Any CPU
		{ED435835-2465-4C0C-9A52-8AB68203713B}.Release|Any CPU.ActiveCfg = Release|Any CPU
		{ED435835-2465-4C0C-9A52-8AB68203713B}.Release|Any CPU.Build.0 = Release|Any CPU
		{E2F0CB31-5A6F-4A20-9818-FFF9C4AA525A}.Debug|Any CPU.ActiveCfg = Debug|Any CPU
		{E2F0CB31-5A6F-4A20-9818-FFF9C4AA525A}.Debug|Any CPU.Build.0 = Debug|Any CPU
		{E2F0CB31-5A6F-4A20-9818-FFF9C4AA525A}.Release|Any CPU.ActiveCfg = Release|Any CPU
		{E2F0CB31-5A6F-4A20-9818-FFF9C4AA525A}.Release|Any CPU.Build.0 = Release|Any CPU
		{40A1152D-9A48-4D99-906C-5A59968B2FB9}.Debug|Any CPU.ActiveCfg = Debug|Any CPU
		{40A1152D-9A48-4D99-906C-5A59968B2FB9}.Debug|Any CPU.Build.0 = Debug|Any CPU
		{40A1152D-9A48-4D99-906C-5A59968B2FB9}.Release|Any CPU.ActiveCfg = Release|Any CPU
		{40A1152D-9A48-4D99-906C-5A59968B2FB9}.Release|Any CPU.Build.0 = Release|Any CPU
	EndGlobalSection
	GlobalSection(SolutionProperties) = preSolution
		HideSolutionNode = FALSE
	EndGlobalSection
	GlobalSection(ExtensibilityGlobals) = postSolution
		SolutionGuid = {BCDCBD50-0E96-4673-9E52-780E8AD5859D}
	EndGlobalSection
EndGlobal
